
Microsoft Visual Studio Solution File, Format Version 12.00
# Visual Studio Version 17
VisualStudioVersion = 17.12.35521.163
MinimumVisualStudioVersion = 10.0.40219.1
Project("{FAE04EC0-301F-11D3-BF4B-00C04F79EFBC}") = "ReverseProxydemo", "ReverseProxydemo.csproj", "{F1CE552E-7188-4D17-AC37-CAF8586B3022}"
EndProject
Project("{FAE04EC0-301F-11D3-BF4B-00C04F79EFBC}") = "App1", "..\App1\App1.csproj", "{D1DB9C98-6FEE-4900-85F3-B5777D9C24B7}"
EndProject
Global
	GlobalSection(SolutionConfigurationPlatforms) = preSolution
		Debug|Any CPU = Debug|Any CPU
		Release|Any CPU = Release|Any CPU
	EndGlobalSection
	GlobalSection(ProjectConfigurationPlatforms) = postSolution
		{F1CE552E-7188-4D17-AC37-CAF8586B3022}.Debug|Any CPU.ActiveCfg = Debug|Any CPU
		{F1CE552E-7188-4D17-AC37-CAF8586B3022}.Debug|Any CPU.Build.0 = Debug|Any CPU
		{F1CE552E-7188-4D17-AC37-CAF8586B3022}.Release|Any CPU.ActiveCfg = Release|Any CPU
		{F1CE552E-7188-4D17-AC37-CAF8586B3022}.Release|Any CPU.Build.0 = Release|Any CPU
		{D1DB9C98-6FEE-4900-85F3-B5777D9C24B7}.Debug|Any CPU.ActiveCfg = Debug|Any CPU
		{D1DB9C98-6FEE-4900-85F3-B5777D9C24B7}.Debug|Any CPU.Build.0 = Debug|Any CPU
		{D1DB9C98-6FEE-4900-85F3-B5777D9C24B7}.Release|Any CPU.ActiveCfg = Release|Any CPU
		{D1DB9C98-6FEE-4900-85F3-B5777D9C24B7}.Release|Any CPU.Build.0 = Release|Any CPU
	EndGlobalSection
	GlobalSection(SolutionProperties) = preSolution
		HideSolutionNode = FALSE
	EndGlobalSection
EndGlobal
